{
  "requires": true,
  "lockfileVersion": 1,
  "dependencies": {
    "@pnotify/animate": {
      "version": "5.0.0-alpha.7",
      "resolved": "https://registry.npmjs.org/@pnotify/animate/-/animate-5.0.0-alpha.7.tgz",
      "integrity": "sha512-R9XxF2KtM+Dmz0Zr2CGON9213nm5zHhJTFvzPSj3gWIqPaW7542H3EAizXztPhxvubzwYfvL3CGWJRkfUSA0YQ==",
      "requires": {
        "@pnotify/core": "^5.0.0-alpha.7"
      }
    },
    "@pnotify/bootstrap3": {
      "version": "5.0.0-alpha.7",
      "resolved": "https://registry.npmjs.org/@pnotify/bootstrap3/-/bootstrap3-5.0.0-alpha.7.tgz",
      "integrity": "sha512-q767hdoy/nBS9mP7MwFfLikPH9j2SF4Q45YwerK2V9cS+9JIyNGG20cE/SXTjcTxzicrd90PKqwUO7bvr/I+yA==",
      "requires": {
        "@pnotify/core": "^5.0.0-alpha.7"
      }
    },
    "@pnotify/bootstrap4": {
      "version": "5.0.0-alpha.7",
      "resolved": "https://registry.npmjs.org/@pnotify/bootstrap4/-/bootstrap4-5.0.0-alpha.7.tgz",
      "integrity": "sha512-nQRr+VWd7ndRB7oR7Tegqfv3+3QPp8pUnT0ThoCdT0w/e2sfzT+T5XplSeAVyrBOa+eTmhFlSm0xoqZ8v5UpHw==",
      "requires": {
        "@pnotify/core": "^5.0.0-alpha.7"
      }
    },
    "@pnotify/confirm": {
      "version": "5.0.0-alpha.7",
      "resolved": "https://registry.npmjs.org/@pnotify/confirm/-/confirm-5.0.0-alpha.7.tgz",
      "integrity": "sha512-D2ApIwUSFoaT+RRL1ON77mv/02+BwmOUS+Rz/6SwiipwL277XTzueMtTGFS2vxo7mwBNhfGqp+nbPlvndxT/dg==",
      "requires": {
        "@pnotify/core": "^5.0.0-alpha.7"
      }
    },
    "@pnotify/core": {
      "version": "5.0.0-alpha.7",
      "resolved": "https://registry.npmjs.org/@pnotify/core/-/core-5.0.0-alpha.7.tgz",
      "integrity": "sha512-068b4SvmyocbvpPAtsyXox/dax0ERdIY8mJ2otF6lG7OA+x2qlijy6q3VG/DPYchZXUw+vL7Tdje+N33b4/JKQ=="
    },
    "@pnotify/desktop": {
      "version": "5.0.0-alpha.7",
      "resolved": "https://registry.npmjs.org/@pnotify/desktop/-/desktop-5.0.0-alpha.7.tgz",
      "integrity": "sha512-mx4p8bYHMkx1oPeP0BaNpnX01w4AAEB/s8q844IS6TgaW0g7Z7Z5kiI9tLaMfo+tdeNmYhUDX9RlewlILAz5nQ==",
      "requires": {
        "@pnotify/core": "^5.0.0-alpha.7"
      }
    },
    "@pnotify/font-awesome4": {
      "version": "5.0.0-alpha.7",
      "resolved": "https://registry.npmjs.org/@pnotify/font-awesome4/-/font-awesome4-5.0.0-alpha.7.tgz",
      "integrity": "sha512-kFctumO77AEi3QtCfnzHTJz0nkASs0gXTmL0EZfsIAg5fG8CTfLc2F3VuyJPMOT3jvtvg7r0DcFFufy+1wxmWA==",
      "requires": {
        "@pnotify/core": "^5.0.0-alpha.7"
      }
    },
    "@pnotify/font-awesome5": {
      "version": "5.0.0-alpha.7",
      "resolved": "https://registry.npmjs.org/@pnotify/font-awesome5/-/font-awesome5-5.0.0-alpha.7.tgz",
      "integrity": "sha512-Q0jsv6t95DAguSFH1CFjwd+GDmkvmbi5HVin5hLX9I+DAXr3D5ZgVhfq50K7eNp0qmWB4rNfcwvJUJYp6Hs45A==",
      "requires": {
        "@pnotify/core": "^5.0.0-alpha.7"
      }
    },
    "@pnotify/font-awesome5-fix": {
      "version": "5.0.0-alpha.7",
      "resolved": "https://registry.npmjs.org/@pnotify/font-awesome5-fix/-/font-awesome5-fix-5.0.0-alpha.7.tgz",
      "integrity": "sha512-IrxJVDf/yiLJaIxvHe97FwgDZrusI5ruy9+X2fjqRplofMHL7VppS820XkTVDIU++CVXe5zcAU8PZJFeyhbWNQ==",
      "requires": {
        "@pnotify/core": "^5.0.0-alpha.7"
      }
    },
    "@pnotify/glyphicon": {
      "version": "5.0.0-alpha.7",
      "resolved": "https://registry.npmjs.org/@pnotify/glyphicon/-/glyphicon-5.0.0-alpha.7.tgz",
      "integrity": "sha512-kO6cjFipn/rg/N2ZmIUvjnLZqkhhbKBIS57GRVyUXzOkfYKBicZg8VIoC21eud/A1PQ8875MI5FJ3CHrDiX0uQ==",
      "requires": {
        "@pnotify/core": "^5.0.0-alpha.7"
      }
    },
    "@pnotify/mobile": {
      "version": "5.0.0-alpha.7",
      "resolved": "https://registry.npmjs.org/@pnotify/mobile/-/mobile-5.0.0-alpha.7.tgz",
      "integrity": "sha512-ILVjadwFPt1M1g/magy2Zch3Rk5HiB4F1Z4qfU9c4pR+n70+MgfnYl25DzYblwGvYIDVCQ1fnPAIfu6O5GLNyg==",
      "requires": {
        "@pnotify/core": "^5.0.0-alpha.7"
      }
    },
    "@pnotify/reference": {
      "version": "5.0.0-alpha.7",
      "resolved": "https://registry.npmjs.org/@pnotify/reference/-/reference-5.0.0-alpha.7.tgz",
      "integrity": "sha512-RnflAJn4FOO0/jUUWu0j+xSDh7nayq4/T0+2i1z5P6T3xF/gVz2RFSm3bFyvxTWMpwpavgXMflY8MsQkSxW92w==",
      "requires": {
        "@pnotify/core": "^5.0.0-alpha.7"
      }
    },
    "pnotify": {
      "version": "5.0.0-alpha.7",
      "resolved": "https://registry.npmjs.org/pnotify/-/pnotify-5.0.0-alpha.7.tgz",
      "integrity": "sha512-LNJC6Acmukq0jOfIe+a6fc0UNudRs85SAP+N2/Jd8WmRsIT3OLtwWOzUY7spUwwjfpoCqOEEyoiiXcBhl0aAhw==",
      "requires": {
        "@pnotify/animate": "5.0.0-alpha.7",
        "@pnotify/bootstrap3": "5.0.0-alpha.7",
        "@pnotify/bootstrap4": "5.0.0-alpha.7",
        "@pnotify/confirm": "5.0.0-alpha.7",
        "@pnotify/core": "5.0.0-alpha.7",
        "@pnotify/desktop": "5.0.0-alpha.7",
        "@pnotify/font-awesome4": "5.0.0-alpha.7",
        "@pnotify/font-awesome5": "5.0.0-alpha.7",
        "@pnotify/font-awesome5-fix": "5.0.0-alpha.7",
        "@pnotify/glyphicon": "5.0.0-alpha.7",
        "@pnotify/mobile": "5.0.0-alpha.7",
        "@pnotify/reference": "5.0.0-alpha.7"
      }
    }
  }
}
